{
  "version": 4,
  "terraform_version": "1.13.0",
  "serial": 3,
  "lineage": "01ddcf8c-28d0-cf8f-24f4-4e941301e334",
  "outputs": {},
  "resources": [
    {
      "mode": "managed",
      "type": "aws_instance",
      "name": "web_instance",
      "provider": "provider[\"registry.terraform.io/hashicorp/aws\"]",
      "instances": [
        {
          "schema_version": 2,
          "attributes": {
            "ami": "ami-02d26659fd82cf299",
            "arn": "arn:aws:ec2:ap-south-1:480664947795:instance/i-0a35551395c3ab957",
            "associate_public_ip_address": true,
            "availability_zone": "ap-south-1a",
            "capacity_reservation_specification": [
              {
                "capacity_reservation_preference": "open",
                "capacity_reservation_target": []
              }
            ],
            "cpu_options": [
              {
                "amd_sev_snp": "",
                "core_count": 1,
                "threads_per_core": 2
              }
            ],
            "credit_specification": [
              {
                "cpu_credits": "unlimited"
              }
            ],
            "disable_api_stop": false,
            "disable_api_termination": false,
            "ebs_block_device": [],
            "ebs_optimized": false,
            "enable_primary_ipv6": null,
            "enclave_options": [
              {
                "enabled": false
              }
            ],
            "ephemeral_block_device": [],
            "force_destroy": false,
            "get_password_data": false,
            "hibernation": false,
            "host_id": "",
            "host_resource_group_arn": null,
            "iam_instance_profile": "",
            "id": "i-0a35551395c3ab957",
            "instance_initiated_shutdown_behavior": "stop",
            "instance_lifecycle": "",
            "instance_market_options": [],
            "instance_state": "running",
            "instance_type": "t3.micro",
            "ipv6_address_count": 0,
            "ipv6_addresses": [],
            "key_name": "key-pair-with-tf",
            "launch_template": [],
            "maintenance_options": [
              {
                "auto_recovery": "default"
              }
            ],
            "metadata_options": [
              {
                "http_endpoint": "enabled",
                "http_protocol_ipv6": "disabled",
                "http_put_response_hop_limit": 2,
                "http_tokens": "required",
                "instance_metadata_tags": "disabled"
              }
            ],
            "monitoring": false,
            "network_interface": [],
            "outpost_arn": "",
            "password_data": "",
            "placement_group": "",
            "placement_group_id": "",
            "placement_partition_number": 0,
            "primary_network_interface": [
              {
                "delete_on_termination": true,
                "network_interface_id": "eni-0433794bf81822b13"
              }
            ],
            "primary_network_interface_id": "eni-0433794bf81822b13",
            "private_dns": "ip-172-31-32-197.ap-south-1.compute.internal",
            "private_dns_name_options": [
              {
                "enable_resource_name_dns_a_record": false,
                "enable_resource_name_dns_aaaa_record": false,
                "hostname_type": "ip-name"
              }
            ],
            "private_ip": "172.31.32.197",
            "public_dns": "ec2-13-233-63-220.ap-south-1.compute.amazonaws.com",
            "public_ip": "13.233.63.220",
            "region": "ap-south-1",
            "root_block_device": [
              {
                "delete_on_termination": true,
                "device_name": "/dev/sda1",
                "encrypted": false,
                "iops": 3000,
                "kms_key_id": "",
                "tags": {},
                "tags_all": {},
                "throughput": 125,
                "volume_id": "vol-088803303130cdb9a",
                "volume_size": 8,
                "volume_type": "gp3"
              }
            ],
            "secondary_private_ips": [],
            "security_groups": [
              "default"
            ],
            "source_dest_check": true,
            "spot_instance_request_id": "",
            "subnet_id": "subnet-022bea592ac97074a",
            "tags": {
              "Name": "first-ec2-instance-using-terraform"
            },
            "tags_all": {
              "Name": "first-ec2-instance-using-terraform"
            },
            "tenancy": "default",
            "timeouts": null,
            "user_data": null,
            "user_data_base64": null,
            "user_data_replace_on_change": false,
            "volume_tags": null,
            "vpc_security_group_ids": [
              "sg-095cbe708ee13e3b7"
            ]
          },
          "sensitive_attributes": [],
          "identity_schema_version": 0,
          "identity": {
            "account_id": "480664947795",
            "id": "i-0a35551395c3ab957",
            "region": "ap-south-1"
          },
          "private": "eyJlMmJmYjczMC1lY2FhLTExZTYtOGY4OC0zNDM2M2JjN2M0YzAiOnsiY3JlYXRlIjo2MDAwMDAwMDAwMDAsImRlbGV0ZSI6MTIwMDAwMDAwMDAwMCwicmVhZCI6OTAwMDAwMDAwMDAwLCJ1cGRhdGUiOjYwMDAwMDAwMDAwMH0sInNjaGVtYV92ZXJzaW9uIjoiMiJ9",
          "dependencies": [
            "aws_key_pair.key-pair-with-tf"
          ]
        }
      ]
    },
    {
      "mode": "managed",
      "type": "aws_key_pair",
      "name": "key-pair-with-tf",
      "provider": "provider[\"registry.terraform.io/hashicorp/aws\"]",
      "instances": [
        {
          "schema_version": 1,
          "attributes": {
            "arn": "arn:aws:ec2:ap-south-1:480664947795:key-pair/key-pair-with-tf",
            "fingerprint": "a1:d4:29:b0:6f:d8:b0:42:f2:71:86:32:97:5b:b7:c6",
            "id": "key-pair-with-tf",
            "key_name": "key-pair-with-tf",
            "key_name_prefix": "",
            "key_pair_id": "key-0b75aec69efc36a8c",
            "key_type": "rsa",
            "public_key": "ssh-rsa AAAAB3NzaC1yc2EAAAADAQABAAABgQDHxBLxfg6RJQKbWee8Ew3wmkIOBHZ8OTe4i3uB6OyFevaos8YVcUn0aMW62KDQYT7800qZhgxQJYpjQyuiUARDwuzDrOpR1rUETxOubMZpll9gSWkUm8JE70nCLswXNZ1sgAvbKvE3Oc1fmmUs+GBoG2AhJsZLMO5us9SrROJQ3lrAclAjziG/fcxWGBjjpbTzeqN7BYjV1N8pAqh39qNFjYBtFgqhqE4vrr0f5ZsZI1t8dvZRSW3IFEcCwmk7xYJkQPgTcbaFFHZMWA1wYdkOqtVFeyKEkyPAjVirkh50A2NnKCJRDqutQXUHPEMN7Rv+P2I6Dh9v1+0m50Ym6krbjad02nY5ny7yZqroJA64wyJxMkP5IvmSvuoPwwvDGhHD7AuDSrODNRDtekKGKads75MAueXACqbKdI58JNbRGyjMxNuNpMflzaqAn+DGgui8nVhGqwvzxS8IS3+fDBQmMkFMiMPIryWfEkm9qc5Yx/NZu6GOfiTVA54B8ihBG5c= learning@Ramandeeps-MacBook-Pro.local",
            "region": "ap-south-1",
            "tags": null,
            "tags_all": {}
          },
          "sensitive_attributes": [],
          "identity_schema_version": 0,
          "private": "eyJzY2hlbWFfdmVyc2lvbiI6IjEifQ=="
        }
      ]
    }
  ],
  "check_results": null
}
