{
  "version": 4,
  "terraform_version": "1.13.0",
  "serial": 7,
  "lineage": "2e2b7ce0-a835-56ad-a953-7a77956f24ef",
  "outputs": {},
  "resources": [
    {
      "mode": "managed",
      "type": "aws_key_pair",
      "name": "my-first-key-pair",
      "provider": "provider[\"registry.terraform.io/hashicorp/aws\"]",
      "instances": [
        {
          "schema_version": 1,
          "attributes": {
            "arn": "arn:aws:ec2:ap-south-1:480664947795:key-pair/my-first-key-pair-using-tf",
            "fingerprint": "d7:ff:a6:63:18:64:9c:57:a1:ee:ca:a4:ad:c2:81:62",
            "id": "my-first-key-pair-using-tf",
            "key_name": "my-first-key-pair-using-tf",
            "key_name_prefix": "",
            "key_pair_id": "key-067182ce9d9cb3f67",
            "key_type": "rsa",
            "public_key": "ssh-rsa AAAAB3NzaC1yc2EAAAADAQABAAABAQD3F6tyPEFEzV0LX3X8BsXdMsQz1x2cEikKDEY0aIj41qgxMCP/iteneqXSIFZBp5vizPvaoIR3Um9xK7PGoW8giupGn+EPuxIA4cDM4vzOqOkiMPhz5XK0whEjkVzTo4+S0puvDZuwIsdiW9mxhJc7tgBNL0cYlWSYVkz4G/fslNfRPW5mYAM49f4fhtxPb5ok4Q2Lg9dPKVHO/Bgeu5woMc7RY0p1ej6D4CKFE6lymSDJpW0YHX/wqE9+cfEauh7xZcG0q9t2ta6F6fmX0agvpFyZo8aFbXeUBr7osSCJNgvavWbM/06niWrOvYX2xwWdhXmXSrbX8ZbabVohBK41 email@example.com",
            "region": "ap-south-1",
            "tags": null,
            "tags_all": {}
          },
          "sensitive_attributes": [],
          "identity_schema_version": 0,
          "private": "eyJzY2hlbWFfdmVyc2lvbiI6IjEifQ=="
        }
      ]
    },
    {
      "mode": "managed",
      "type": "aws_key_pair",
      "name": "my-second-key-pair",
      "provider": "provider[\"registry.terraform.io/hashicorp/aws\"]",
      "instances": [
        {
          "schema_version": 1,
          "attributes": {
            "arn": "arn:aws:ec2:ap-south-1:480664947795:key-pair/my-second-key-pair-using-tf",
            "fingerprint": "03:c1:4a:05:60:2d:36:95:34:6f:e8:c8:5d:b3:60:82",
            "id": "my-second-key-pair-using-tf",
            "key_name": "my-second-key-pair-using-tf",
            "key_name_prefix": "",
            "key_pair_id": "key-065e2c4479182834c",
            "key_type": "rsa",
            "public_key": "ssh-rsa AAAAB3NzaC1yc2EAAAADAQABAAABgQCy8YqLA0KM6GEbaewiaf1WWolSlgGy5OAxDR13p8MMxF6fwsTJOuhbVNSVmBqbc8VtuZtloKHv4l3+0jIvtHDeFV5c0yrW4r8SWDhSagQPZ4U9UGDCfCe/xi1WfwgV1JEhPZOJxAF6y9roX2oYVuEKrmlWfyxOh9BP5+OyQhr9+pKWQYQFdEAZU5SVClfVHv8lK6CgH4tZGHqdUA9TxEe8+Zf4FkJpKIffxlrKHjgeqBoLBaDxqnyhc+AIHawaQxSxjS4q42GtStgNvFTaQS4rkjmnpkOts1qFRwG3Z9o19mPtQkTpW4GJtECLwvq9/bcWUpoiVPt318NYDSYDSyfLU/4k0zmSd1qAY/sSDp9PfPEP8evf1AEZDbQMiV3Nv5EN0SHZm6lkc6NihfV34CxBKOZHP1FkW/feheFBwhoyG/OTzc8oNCFCto8/WYpYzlzaAJBDIoD++xcbfC/XRjtSuKsvkshchOJTit6dgBFASG7BR+97xQyBN3jDCrNjCxU= learning@Ramandeeps-MacBook-Pro.local",
            "region": "ap-south-1",
            "tags": null,
            "tags_all": {}
          },
          "sensitive_attributes": [],
          "identity_schema_version": 0,
          "private": "eyJzY2hlbWFfdmVyc2lvbiI6IjEifQ=="
        }
      ]
    }
  ],
  "check_results": null
}
