{
  "version": 4,
  "terraform_version": "1.13.0",
  "serial": 3,
  "lineage": "c5609f5c-3a2a-b736-5fb7-f5836b8fdbe0",
  "outputs": {},
  "resources": [
    {
      "mode": "managed",
      "type": "github_repository",
      "name": "first_repo_in_github_using_terraform",
      "provider": "provider[\"registry.terraform.io/hashicorp/github\"]",
      "instances": [
        {
          "schema_version": 1,
          "attributes": {
            "allow_auto_merge": false,
            "allow_merge_commit": true,
            "allow_rebase_merge": true,
            "allow_squash_merge": true,
            "allow_update_branch": false,
            "archive_on_destroy": null,
            "archived": false,
            "auto_init": true,
            "default_branch": "main",
            "delete_branch_on_merge": false,
            "description": "First repo created using terraform",
            "etag": "W/\"699b99d66a3f26315a699594aec8b9dda02059e4e4d62f0052cfe219168fbc78\"",
            "full_name": "singh-deep-raman/test-repo-using-terraform",
            "git_clone_url": "git://github.com/singh-deep-raman/test-repo-using-terraform.git",
            "gitignore_template": null,
            "has_discussions": false,
            "has_downloads": false,
            "has_issues": false,
            "has_projects": false,
            "has_wiki": false,
            "homepage_url": "",
            "html_url": "https://github.com/singh-deep-raman/test-repo-using-terraform",
            "http_clone_url": "https://github.com/singh-deep-raman/test-repo-using-terraform.git",
            "id": "test-repo-using-terraform",
            "ignore_vulnerability_alerts_during_read": null,
            "is_template": false,
            "license_template": null,
            "merge_commit_message": "PR_TITLE",
            "merge_commit_title": "MERGE_MESSAGE",
            "name": "test-repo-using-terraform",
            "node_id": "R_kgDOPshdTg",
            "pages": [],
            "primary_language": "",
            "private": false,
            "repo_id": 1053318478,
            "security_and_analysis": [
              {
                "advanced_security": [],
                "secret_scanning": [
                  {
                    "status": "enabled"
                  }
                ],
                "secret_scanning_push_protection": [
                  {
                    "status": "enabled"
                  }
                ]
              }
            ],
            "squash_merge_commit_message": "COMMIT_MESSAGES",
            "squash_merge_commit_title": "COMMIT_OR_PR_TITLE",
            "ssh_clone_url": "git@github.com:singh-deep-raman/test-repo-using-terraform.git",
            "svn_url": "https://github.com/singh-deep-raman/test-repo-using-terraform",
            "template": [],
            "topics": [],
            "visibility": "public",
            "vulnerability_alerts": false,
            "web_commit_signoff_required": false
          },
          "sensitive_attributes": [],
          "identity_schema_version": 0,
          "private": "eyJzY2hlbWFfdmVyc2lvbiI6IjEifQ=="
        }
      ]
    }
  ],
  "check_results": null
}
